{
  "version": "4",
  "specifiers": {
    "jsr:@oak/commons@1": "1.0.0",
    "jsr:@oak/oak@*": "17.1.4",
    "jsr:@oak/oak@^17.1.4": "17.1.4",
    "jsr:@std/assert@1": "1.0.11",
    "jsr:@std/bytes@1": "1.0.5",
    "jsr:@std/crypto@1": "1.0.4",
    "jsr:@std/encoding@1": "1.0.7",
    "jsr:@std/encoding@^1.0.7": "1.0.7",
    "jsr:@std/http@1": "1.0.13",
    "jsr:@std/internal@^1.0.5": "1.0.5",
    "jsr:@std/media-types@1": "1.1.0",
    "jsr:@std/path@1": "1.0.8",
    "npm:@types/node@*": "22.5.4",
    "npm:jose@5.9.6": "5.9.6",
    "npm:mongoose@*": "8.10.0",
    "npm:mongoose@^8.10.0": "8.10.0",
    "npm:path-to-regexp@^6.3.0": "6.3.0"
  },
  "jsr": {
    "@oak/commons@1.0.0": {
      "integrity": "49805b55603c3627a9d6235c0655aa2b6222d3036b3a13ff0380c16368f607ac",
      "dependencies": [
        "jsr:@std/assert",
        "jsr:@std/bytes",
        "jsr:@std/crypto",
        "jsr:@std/encoding@1",
        "jsr:@std/http",
        "jsr:@std/media-types"
      ]
    },
    "@oak/oak@17.1.4": {
      "integrity": "60530b582bf276ff741e39cc664026781aa08dd5f2bc5134d756cc427bf2c13e",
      "dependencies": [
        "jsr:@oak/commons",
        "jsr:@std/assert",
        "jsr:@std/bytes",
        "jsr:@std/http",
        "jsr:@std/media-types",
        "jsr:@std/path",
        "npm:path-to-regexp"
      ]
    },
    "@std/assert@1.0.11": {
      "integrity": "2461ef3c368fe88bc60e186e7744a93112f16fd110022e113a0849e94d1c83c1",
      "dependencies": [
        "jsr:@std/internal"
      ]
    },
    "@std/bytes@1.0.5": {
      "integrity": "4465dd739d7963d964c809202ebea6d5c6b8e3829ef25c6a224290fbb8a1021e"
    },
    "@std/crypto@1.0.4": {
      "integrity": "cee245c453bd5366207f4d8aa25ea3e9c86cecad2be3fefcaa6cb17203d79340"
    },
    "@std/encoding@1.0.7": {
      "integrity": "f631247c1698fef289f2de9e2a33d571e46133b38d042905e3eac3715030a82d"
    },
    "@std/http@1.0.13": {
      "integrity": "d29618b982f7ae44380111f7e5b43da59b15db64101198bb5f77100d44eb1e1e",
      "dependencies": [
        "jsr:@std/encoding@^1.0.7"
      ]
    },
    "@std/internal@1.0.5": {
      "integrity": "54a546004f769c1ac9e025abd15a76b6671ddc9687e2313b67376125650dc7ba"
    },
    "@std/media-types@1.1.0": {
      "integrity": "c9d093f0c05c3512932b330e3cc1fe1d627b301db33a4c2c2185c02471d6eaa4"
    },
    "@std/path@1.0.8": {
      "integrity": "548fa456bb6a04d3c1a1e7477986b6cffbce95102d0bb447c67c4ee70e0364be"
    }
  },
  "npm": {
    "@mongodb-js/saslprep@1.2.0": {
      "integrity": "sha512-+ywrb0AqkfaYuhHs6LxKWgqbh3I72EpEgESCw37o+9qPx9WTCkgDm2B+eMrwehGtHBWHFU4GXvnSCNiFhhausg==",
      "dependencies": [
        "sparse-bitfield"
      ]
    },
    "@types/node@22.5.4": {
      "integrity": "sha512-FDuKUJQm/ju9fT/SeX/6+gBzoPzlVCzfzmGkwKvRHQVxi4BntVbyIwf6a4Xn62mrvndLiml6z/UBXIdEVjQLXg==",
      "dependencies": [
        "undici-types"
      ]
    },
    "@types/webidl-conversions@7.0.3": {
      "integrity": "sha512-CiJJvcRtIgzadHCYXw7dqEnMNRjhGZlYK05Mj9OyktqV8uVT8fD2BFOB7S1uwBE3Kj2Z+4UyPmFw/Ixgw/LAlA=="
    },
    "@types/whatwg-url@11.0.5": {
      "integrity": "sha512-coYR071JRaHa+xoEvvYqvnIHaVqaYrLPbsufM9BF63HkwI5Lgmy2QR8Q5K/lYDYo5AK82wOvSOS0UsLTpTG7uQ==",
      "dependencies": [
        "@types/webidl-conversions"
      ]
    },
    "bson@6.10.2": {
      "integrity": "sha512-5afhLTjqDSA3akH56E+/2J6kTDuSIlBxyXPdQslj9hcIgOUE378xdOfZvC/9q3LifJNI6KR/juZ+d0NRNYBwXg=="
    },
    "debug@4.4.0": {
      "integrity": "sha512-6WTZ/IxCY/T6BALoZHaE4ctp9xm+Z5kY/pzYaCHRFeyVhojxlrm+46y68HA6hr0TcwEssoxNiDEUJQjfPZ/RYA==",
      "dependencies": [
        "ms"
      ]
    },
    "jose@5.9.6": {
      "integrity": "sha512-AMlnetc9+CV9asI19zHmrgS/WYsWUwCn2R7RzlbJWD7F9eWYUTGyBmU9o6PxngtLGOiDGPRu+Uc4fhKzbpteZQ=="
    },
    "kareem@2.6.3": {
      "integrity": "sha512-C3iHfuGUXK2u8/ipq9LfjFfXFxAZMQJJq7vLS45r3D9Y2xQ/m4S8zaR4zMLFWh9AsNPXmcFfUDhTEO8UIC/V6Q=="
    },
    "memory-pager@1.5.0": {
      "integrity": "sha512-ZS4Bp4r/Zoeq6+NLJpP+0Zzm0pR8whtGPf1XExKLJBAczGMnSi3It14OiNCStjQjM6NU1okjQGSxgEZN8eBYKg=="
    },
    "mongodb-connection-string-url@3.0.2": {
      "integrity": "sha512-rMO7CGo/9BFwyZABcKAWL8UJwH/Kc2x0g72uhDWzG48URRax5TCIcJ7Rc3RZqffZzO/Gwff/jyKwCU9TN8gehA==",
      "dependencies": [
        "@types/whatwg-url",
        "whatwg-url"
      ]
    },
    "mongodb@6.13.0": {
      "integrity": "sha512-KeESYR5TEaFxOuwRqkOm3XOsMqCSkdeDMjaW5u2nuKfX7rqaofp7JQGoi7sVqQcNJTKuveNbzZtWMstb8ABP6Q==",
      "dependencies": [
        "@mongodb-js/saslprep",
        "bson",
        "mongodb-connection-string-url"
      ]
    },
    "mongoose@8.10.0": {
      "integrity": "sha512-nLhk3Qrv6q/HpD2k1O7kbBqsq+/kmKpdv5KJ+LLhQlII3e1p/SSLoLP6jMuSiU6+iLK7zFw4T1niAk3mA3QVug==",
      "dependencies": [
        "bson",
        "kareem",
        "mongodb",
        "mpath",
        "mquery",
        "ms",
        "sift"
      ]
    },
    "mpath@0.9.0": {
      "integrity": "sha512-ikJRQTk8hw5DEoFVxHG1Gn9T/xcjtdnOKIU1JTmGjZZlg9LST2mBLmcX3/ICIbgJydT2GOc15RnNy5mHmzfSew=="
    },
    "mquery@5.0.0": {
      "integrity": "sha512-iQMncpmEK8R8ncT8HJGsGc9Dsp8xcgYMVSbs5jgnm1lFHTZqMJTUWTDx1LBO8+mK3tPNZWFLBghQEIOULSTHZg==",
      "dependencies": [
        "debug"
      ]
    },
    "ms@2.1.3": {
      "integrity": "sha512-6FlzubTLZG3J2a/NVCAleEhjzq5oxgHyaCU9yYXvcLsvoVaHJq/s5xXI6/XXP6tz7R9xAOtHnSO/tXtF3WRTlA=="
    },
    "path-to-regexp@6.3.0": {
      "integrity": "sha512-Yhpw4T9C6hPpgPeA28us07OJeqZ5EzQTkbfwuhsUg0c237RomFoETJgmp2sa3F/41gfLE6G5cqcYwznmeEeOlQ=="
    },
    "punycode@2.3.1": {
      "integrity": "sha512-vYt7UD1U9Wg6138shLtLOvdAu+8DsC/ilFtEVHcH+wydcSpNE20AfSOduf6MkRFahL5FY7X1oU7nKVZFtfq8Fg=="
    },
    "sift@17.1.3": {
      "integrity": "sha512-Rtlj66/b0ICeFzYTuNvX/EF1igRbbnGSvEyT79McoZa/DeGhMyC5pWKOEsZKnpkqtSeovd5FL/bjHWC3CIIvCQ=="
    },
    "sparse-bitfield@3.0.3": {
      "integrity": "sha512-kvzhi7vqKTfkh0PZU+2D2PIllw2ymqJKujUcyPMd9Y75Nv4nPbGJZXNhxsgdQab2BmlDct1YnfQCguEvHr7VsQ==",
      "dependencies": [
        "memory-pager"
      ]
    },
    "tr46@5.0.0": {
      "integrity": "sha512-tk2G5R2KRwBd+ZN0zaEXpmzdKyOYksXwywulIX95MBODjSzMIuQnQ3m8JxgbhnL1LeVo7lqQKsYa1O3Htl7K5g==",
      "dependencies": [
        "punycode"
      ]
    },
    "undici-types@6.19.8": {
      "integrity": "sha512-ve2KP6f/JnbPBFyobGHuerC9g1FYGn/F8n1LWTwNxCEzd6IfqTwUQcNXgEtmmQ6DlRrC1hrSrBnCZPokRrDHjw=="
    },
    "webidl-conversions@7.0.0": {
      "integrity": "sha512-VwddBukDzu71offAQR975unBIGqfKZpM+8ZX6ySk8nYhVoo5CYaZyzt3YBvYtRtO+aoGlqxPg/B87NGVZ/fu6g=="
    },
    "whatwg-url@14.1.1": {
      "integrity": "sha512-mDGf9diDad/giZ/Sm9Xi2YcyzaFpbdLpJPr+E9fSkyQ7KpQD4SdFcugkRQYzhmfI4KeV4Qpnn2sKPdo+kmsgRQ==",
      "dependencies": [
        "tr46",
        "webidl-conversions"
      ]
    }
  },
  "workspace": {
    "dependencies": [
      "jsr:@oak/oak@^17.1.4",
      "jsr:@std/assert@1",
      "npm:mongoose@^8.10.0"
    ]
  }
}
